
Microsoft Visual Studio Solution File, Format Version 12.00
# Visual Studio Version 16
VisualStudioVersion = 16.0.29806.167
MinimumVisualStudioVersion = 10.0.40219.1
Project("{9A19103F-16F7-4668-BE54-9A1E7A4F7556}") = "TURAG.Feldbus-csharp", "TURAG.Feldbus-csharp.csproj", "{41B39177-6B9B-4E73-90F8-F625C31CDF32}"
EndProject
Global
	GlobalSection(SolutionConfigurationPlatforms) = preSolution
		Debug|Any CPU = Debug|Any CPU
		Release|Any CPU = Release|Any CPU
	EndGlobalSection
	GlobalSection(ProjectConfigurationPlatforms) = postSolution
		{41B39177-6B9B-4E73-90F8-F625C31CDF32}.Debug|Any CPU.ActiveCfg = Debug|Any CPU
		{41B39177-6B9B-4E73-90F8-F625C31CDF32}.Debug|Any CPU.Build.0 = Debug|Any CPU
		{41B39177-6B9B-4E73-90F8-F625C31CDF32}.Release|Any CPU.ActiveCfg = Release|Any CPU
		{41B39177-6B9B-4E73-90F8-F625C31CDF32}.Release|Any CPU.Build.0 = Release|Any CPU
	EndGlobalSection
	GlobalSection(SolutionProperties) = preSolution
		HideSolutionNode = FALSE
	EndGlobalSection
	GlobalSection(ExtensibilityGlobals) = postSolution
		SolutionGuid = {702E516E-5961-481B-A350-9012BFA4545D}
	EndGlobalSection
EndGlobal
